# THIS IS AN AUTOGENERATED FILE. DO NOT EDIT THIS FILE DIRECTLY.
# yarn lockfile v1


dompurify@^2.2.2:
  version "2.2.2"
  resolved "https://registry.yarnpkg.com/dompurify/-/dompurify-2.2.2.tgz#cb8c2b1a2f3c8a0b565127504ae4eedec176a972"
  integrity sha512-BsGR4nDLaC5CNBnyT5I+d5pOeaoWvgVeg6Gq/aqmKYWMPR07131u60I80BvExLAJ0FQEIBQ1BTicw+C5+jOyrg==

prettier@^2.1.2:
  version "2.1.2"
  resolved "https://registry.yarnpkg.com/prettier/-/prettier-2.1.2.tgz#3050700dae2e4c8b67c4c3f666cdb8af405e1ce5"
  integrity sha512-16c7K+x4qVlJg9rEbXl7HEGmQyZlG4R9AgP+oHKRMsMsuk8s+ATStlf1NpDqyBI1HpVyfjLOeMhH2LvuNvV5Vg==
